<?xml version="1.0" encoding="utf-8"?>
<Project ToolsVersion="4.0" xmlns="http://schemas.microsoft.com/developer/msbuild/2003">
  <ItemGroup>
    <Filter Include="源文件">
      <UniqueIdentifier>{4FC737F1-C7A5-4376-A066-2A32D752A2FF}</UniqueIdentifier>
      <Extensions>cpp;c;cc;cxx;def;odl;idl;hpj;bat;asm;asmx</Extensions>
    </Filter>
    <Filter Include="头文件">
      <UniqueIdentifier>{93995380-89BD-4b04-88EB-625FBE52EBFB}</UniqueIdentifier>
      <Extensions>h;hh;hpp;hxx;hm;inl;inc;xsd</Extensions>
    </Filter>
    <Filter Include="资源文件">
      <UniqueIdentifier>{67DA6AB6-F800-4c08-8B7A-83BB121AAD01}</UniqueIdentifier>
      <Extensions>rc;ico;cur;bmp;dlg;rc2;rct;bin;rgs;gif;jpg;jpeg;jpe;resx;tiff;tif;png;wav;mfcribbon-ms</Extensions>
    </Filter>
    <Filter Include="reg">
      <UniqueIdentifier>{77015c5e-ac69-44e4-bfca-04b761ae8884}</UniqueIdentifier>
    </Filter>
    <Filter Include="CXml">
      <UniqueIdentifier>{0792ed0a-8612-4ff2-935b-ea5ef27774a5}</UniqueIdentifier>
    </Filter>
    <Filter Include="httpclient">
      <UniqueIdentifier>{2ff92833-fdca-4313-a204-c1a891c22f93}</UniqueIdentifier>
    </Filter>
  </ItemGroup>
  <ItemGroup>
    <Text Include="ReadMe.txt" />
  </ItemGroup>
  <ItemGroup>
    <ClInclude Include="classroom.h">
      <Filter>头文件</Filter>
    </ClInclude>
    <ClInclude Include="classroomDlg.h">
      <Filter>头文件</Filter>
    </ClInclude>
    <ClInclude Include="stdafx.h">
      <Filter>头文件</Filter>
    </ClInclude>
    <ClInclude Include="targetver.h">
      <Filter>头文件</Filter>
    </ClInclude>
    <ClInclude Include="Resource.h">
      <Filter>头文件</Filter>
    </ClInclude>
    <ClInclude Include="reg\Registry.h">
      <Filter>reg</Filter>
    </ClInclude>
    <ClInclude Include="CXml\Xml.h">
      <Filter>CXml</Filter>
    </ClInclude>
    <ClInclude Include="CXml\XmlNode.h">
      <Filter>CXml</Filter>
    </ClInclude>
    <ClInclude Include="CXml\XmlNodes.h">
      <Filter>CXml</Filter>
    </ClInclude>
    <ClInclude Include="CXml\Xsl.h">
      <Filter>CXml</Filter>
    </ClInclude>
    <ClInclude Include="httpclient\RyeolException.h">
      <Filter>httpclient</Filter>
    </ClInclude>
    <ClInclude Include="httpclient\RyeolHttpClient.h">
      <Filter>httpclient</Filter>
    </ClInclude>
    <ClInclude Include="httpclient\SafeInt.hpp">
      <Filter>httpclient</Filter>
    </ClInclude>
    <ClInclude Include="comFuns.h">
      <Filter>头文件</Filter>
    </ClInclude>
  </ItemGroup>
  <ItemGroup>
    <ClCompile Include="classroom.cpp">
      <Filter>源文件</Filter>
    </ClCompile>
    <ClCompile Include="classroomDlg.cpp">
      <Filter>源文件</Filter>
    </ClCompile>
    <ClCompile Include="stdafx.cpp">
      <Filter>源文件</Filter>
    </ClCompile>
    <ClCompile Include="reg\Registry.cpp">
      <Filter>reg</Filter>
    </ClCompile>
    <ClCompile Include="CXml\Xml.cpp">
      <Filter>CXml</Filter>
    </ClCompile>
    <ClCompile Include="CXml\XmlNode.cpp">
      <Filter>CXml</Filter>
    </ClCompile>
    <ClCompile Include="CXml\XmlNodes.cpp">
      <Filter>CXml</Filter>
    </ClCompile>
    <ClCompile Include="CXml\Xsl.cpp">
      <Filter>CXml</Filter>
    </ClCompile>
    <ClCompile Include="httpclient\RyeolException.cpp">
      <Filter>httpclient</Filter>
    </ClCompile>
    <ClCompile Include="httpclient\RyeolHttpClient.cpp">
      <Filter>httpclient</Filter>
    </ClCompile>
    <ClCompile Include="comFuns.cpp">
      <Filter>源文件</Filter>
    </ClCompile>
  </ItemGroup>
  <ItemGroup>
    <ResourceCompile Include="classroom.rc">
      <Filter>资源文件</Filter>
    </ResourceCompile>
  </ItemGroup>
  <ItemGroup>
    <None Include="res\classroom.rc2">
      <Filter>资源文件</Filter>
    </None>
  </ItemGroup>
  <ItemGroup>
    <Image Include="res\classroom.ico">
      <Filter>资源文件</Filter>
    </Image>
  </ItemGroup>
</Project>